
Microsoft Visual Studio Solution File, Format Version 12.00
# Visual Studio Version 17
VisualStudioVersion = 17.6.33815.320
MinimumVisualStudioVersion = 10.0.40219.1
Project("{8BC9CEB8-8B4A-11D0-8D11-00A0C91BC942}") = "TwoWayViewModel", "TwoWayViewModel\TwoWayViewModel.vcxproj", "{AFC00707-9654-4ED1-BCB2-F41B4D88F699}"
EndProject
Global
	GlobalSection(SolutionConfigurationPlatforms) = preSolution
		Debug|ARM64 = Debug|ARM64
		Debug|x64 = Debug|x64
		Debug|x86 = Debug|x86
		Release|ARM64 = Release|ARM64
		Release|x64 = Release|x64
		Release|x86 = Release|x86
	EndGlobalSection
	GlobalSection(ProjectConfigurationPlatforms) = postSolution
		{AFC00707-9654-4ED1-BCB2-F41B4D88F699}.Debug|ARM64.ActiveCfg = Debug|ARM64
		{AFC00707-9654-4ED1-BCB2-F41B4D88F699}.Debug|ARM64.Build.0 = Debug|ARM64
		{AFC00707-9654-4ED1-BCB2-F41B4D88F699}.Debug|ARM64.Deploy.0 = Debug|ARM64
		{AFC00707-9654-4ED1-BCB2-F41B4D88F699}.Debug|x64.ActiveCfg = Debug|x64
		{AFC00707-9654-4ED1-BCB2-F41B4D88F699}.Debug|x64.Build.0 = Debug|x64
		{AFC00707-9654-4ED1-BCB2-F41B4D88F699}.Debug|x64.Deploy.0 = Debug|x64
		{AFC00707-9654-4ED1-BCB2-F41B4D88F699}.Debug|x86.ActiveCfg = Debug|Win32
		{AFC00707-9654-4ED1-BCB2-F41B4D88F699}.Debug|x86.Build.0 = Debug|Win32
		{AFC00707-9654-4ED1-BCB2-F41B4D88F699}.Debug|x86.Deploy.0 = Debug|Win32
		{AFC00707-9654-4ED1-BCB2-F41B4D88F699}.Release|ARM64.ActiveCfg = Release|ARM64
		{AFC00707-9654-4ED1-BCB2-F41B4D88F699}.Release|ARM64.Build.0 = Release|ARM64
		{AFC00707-9654-4ED1-BCB2-F41B4D88F699}.Release|ARM64.Deploy.0 = Release|ARM64
		{AFC00707-9654-4ED1-BCB2-F41B4D88F699}.Release|x64.ActiveCfg = Release|x64
		{AFC00707-9654-4ED1-BCB2-F41B4D88F699}.Release|x64.Build.0 = Release|x64
		{AFC00707-9654-4ED1-BCB2-F41B4D88F699}.Release|x64.Deploy.0 = Release|x64
		{AFC00707-9654-4ED1-BCB2-F41B4D88F699}.Release|x86.ActiveCfg = Release|Win32
		{AFC00707-9654-4ED1-BCB2-F41B4D88F699}.Release|x86.Build.0 = Release|Win32
		{AFC00707-9654-4ED1-BCB2-F41B4D88F699}.Release|x86.Deploy.0 = Release|Win32
	EndGlobalSection
	GlobalSection(SolutionProperties) = preSolution
		HideSolutionNode = FALSE
	EndGlobalSection
	GlobalSection(ExtensibilityGlobals) = postSolution
		SolutionGuid = {D6C8A32F-3E84-4495-8374-29C1C702F65E}
	EndGlobalSection
EndGlobal
